
Microsoft Visual Studio Solution File, Format Version 12.00
# Visual Studio Version 17
VisualStudioVersion = 17.0.31612.314
MinimumVisualStudioVersion = 10.0.40219.1
Project("{FAE04EC0-301F-11D3-BF4B-00C04F79EFBC}") = "CustomContorls", "CustomContorls\CustomContorls.csproj", "{0A898D9B-7E70-45B8-9F3B-645787EB3364}"
EndProject
Global
	GlobalSection(SolutionConfigurationPlatforms) = preSolution
		Debug|Any CPU = Debug|Any CPU
		Release|Any CPU = Release|Any CPU
	EndGlobalSection
	GlobalSection(ProjectConfigurationPlatforms) = postSolution
		{0A898D9B-7E70-45B8-9F3B-645787EB3364}.Debug|Any CPU.ActiveCfg = Debug|Any CPU
		{0A898D9B-7E70-45B8-9F3B-645787EB3364}.Debug|Any CPU.Build.0 = Debug|Any CPU
		{0A898D9B-7E70-45B8-9F3B-645787EB3364}.Release|Any CPU.ActiveCfg = Release|Any CPU
		{0A898D9B-7E70-45B8-9F3B-645787EB3364}.Release|Any CPU.Build.0 = Release|Any CPU
	EndGlobalSection
	GlobalSection(SolutionProperties) = preSolution
		HideSolutionNode = FALSE
	EndGlobalSection
	GlobalSection(ExtensibilityGlobals) = postSolution
		SolutionGuid = {F79B247E-A18C-4556-9EC8-053837465C5D}
	EndGlobalSection
EndGlobal
